
Microsoft Visual Studio Solution File, Format Version 12.00
# Visual Studio Version 17
VisualStudioVersion = 17.0.31903.59
MinimumVisualStudioVersion = 10.0.40219.1
Project("{2150E333-8FDC-42A3-9474-1A3956D46DE8}") = "src", "src", "{8E0B4E3C-1E3D-4F5A-9E3D-5F5F5F5F5F5F}"
EndProject
Project("{2150E333-8FDC-42A3-9474-1A3956D46DE8}") = "tests", "tests", "{9E0B4E3C-1E3D-4F5A-9E3D-5F5F5F5F5F5F}"
EndProject
Project("{FAE04EC0-301F-11D3-BF4B-00C04F79EFBC}") = "ContactAgenda.Domain", "src\Domain\ContactAgenda.Domain.csproj", "{A1111111-1111-1111-1111-111111111111}"
EndProject
Project("{FAE04EC0-301F-11D3-BF4B-00C04F79EFBC}") = "ContactAgenda.Application", "src\Application\ContactAgenda.Application.csproj", "{A2222222-2222-2222-2222-222222222222}"
EndProject
Project("{FAE04EC0-301F-11D3-BF4B-00C04F79EFBC}") = "ContactAgenda.Infrastructure", "src\Infrastructure\ContactAgenda.Infrastructure.csproj", "{A3333333-3333-3333-3333-333333333333}"
EndProject
Project("{FAE04EC0-301F-11D3-BF4B-00C04F79EFBC}") = "ContactAgenda.Api", "src\Api\ContactAgenda.Api.csproj", "{A4444444-4444-4444-4444-444444444444}"
EndProject
Project("{FAE04EC0-301F-11D3-BF4B-00C04F79EFBC}") = "ContactAgenda.Application.Tests", "tests\Application.Tests\ContactAgenda.Application.Tests.csproj", "{B1111111-1111-1111-1111-111111111111}"
EndProject
Project("{FAE04EC0-301F-11D3-BF4B-00C04F79EFBC}") = "ContactAgenda.Integration.Tests", "tests\Integration.Tests\ContactAgenda.Integration.Tests.csproj", "{7F0F2612-97F1-4A6B-92C8-1686067C0419}"
EndProject
Global
	GlobalSection(SolutionConfigurationPlatforms) = preSolution
		Debug|Any CPU = Debug|Any CPU
		Release|Any CPU = Release|Any CPU
	EndGlobalSection
	GlobalSection(ProjectConfigurationPlatforms) = postSolution
		{A1111111-1111-1111-1111-111111111111}.Debug|Any CPU.ActiveCfg = Debug|Any CPU
		{A1111111-1111-1111-1111-111111111111}.Debug|Any CPU.Build.0 = Debug|Any CPU
		{A1111111-1111-1111-1111-111111111111}.Release|Any CPU.ActiveCfg = Release|Any CPU
		{A1111111-1111-1111-1111-111111111111}.Release|Any CPU.Build.0 = Release|Any CPU
		{A2222222-2222-2222-2222-222222222222}.Debug|Any CPU.ActiveCfg = Debug|Any CPU
		{A2222222-2222-2222-2222-222222222222}.Debug|Any CPU.Build.0 = Debug|Any CPU
		{A2222222-2222-2222-2222-222222222222}.Release|Any CPU.ActiveCfg = Release|Any CPU
		{A2222222-2222-2222-2222-222222222222}.Release|Any CPU.Build.0 = Release|Any CPU
		{A3333333-3333-3333-3333-333333333333}.Debug|Any CPU.ActiveCfg = Debug|Any CPU
		{A3333333-3333-3333-3333-333333333333}.Debug|Any CPU.Build.0 = Debug|Any CPU
		{A3333333-3333-3333-3333-333333333333}.Release|Any CPU.ActiveCfg = Release|Any CPU
		{A3333333-3333-3333-3333-333333333333}.Release|Any CPU.Build.0 = Release|Any CPU
		{A4444444-4444-4444-4444-444444444444}.Debug|Any CPU.ActiveCfg = Debug|Any CPU
		{A4444444-4444-4444-4444-444444444444}.Debug|Any CPU.Build.0 = Debug|Any CPU
		{A4444444-4444-4444-4444-444444444444}.Release|Any CPU.ActiveCfg = Release|Any CPU
		{A4444444-4444-4444-4444-444444444444}.Release|Any CPU.Build.0 = Release|Any CPU
		{B1111111-1111-1111-1111-111111111111}.Debug|Any CPU.ActiveCfg = Debug|Any CPU
		{B1111111-1111-1111-1111-111111111111}.Debug|Any CPU.Build.0 = Debug|Any CPU
		{B1111111-1111-1111-1111-111111111111}.Release|Any CPU.ActiveCfg = Release|Any CPU
		{B1111111-1111-1111-1111-111111111111}.Release|Any CPU.Build.0 = Release|Any CPU
		{7F0F2612-97F1-4A6B-92C8-1686067C0419}.Debug|Any CPU.ActiveCfg = Debug|Any CPU
		{7F0F2612-97F1-4A6B-92C8-1686067C0419}.Debug|Any CPU.Build.0 = Debug|Any CPU
		{7F0F2612-97F1-4A6B-92C8-1686067C0419}.Release|Any CPU.ActiveCfg = Release|Any CPU
		{7F0F2612-97F1-4A6B-92C8-1686067C0419}.Release|Any CPU.Build.0 = Release|Any CPU
	EndGlobalSection
	GlobalSection(NestedProjects) = preSolution
		{A1111111-1111-1111-1111-111111111111} = {8E0B4E3C-1E3D-4F5A-9E3D-5F5F5F5F5F5F}
		{A2222222-2222-2222-2222-222222222222} = {8E0B4E3C-1E3D-4F5A-9E3D-5F5F5F5F5F5F}
		{A3333333-3333-3333-3333-333333333333} = {8E0B4E3C-1E3D-4F5A-9E3D-5F5F5F5F5F5F}
		{A4444444-4444-4444-4444-444444444444} = {8E0B4E3C-1E3D-4F5A-9E3D-5F5F5F5F5F5F}
		{B1111111-1111-1111-1111-111111111111} = {9E0B4E3C-1E3D-4F5A-9E3D-5F5F5F5F5F5F}
		{7F0F2612-97F1-4A6B-92C8-1686067C0419} = {9E0B4E3C-1E3D-4F5A-9E3D-5F5F5F5F5F5F}
	EndGlobalSection
EndGlobal
